schema: '2.0'
stages:
  prepare:
    cmd: python src/prepare.py
    deps:
    - path: src/prepare.py
      hash: md5
      md5: 15aa200fccd4d0ac549872957d32a4ab
      size: 460
    outs:
    - path: data/raw
      hash: md5
      md5: 2d6688ff1de8ee382655f8ee24ace648.dir
      size: 31220545
      nfiles: 1
  preprocess:
    cmd: python src/preprocess.py
    deps:
    - path: data/raw
      hash: md5
      md5: 2d6688ff1de8ee382655f8ee24ace648.dir
      size: 31220545
      nfiles: 1
    - path: src/preprocess.py
      hash: md5
      md5: ada375322b87eb435ec659be19e03a14
      size: 1115
    params:
      params.yaml:
        preprocess.seed: 42
        preprocess.val_size: 0.1
    outs:
    - path: data/processed
      hash: md5
      md5: 436f5c303b0864cfa4318651925bcb5e.dir
      size: 46742843
      nfiles: 3
  train:
    cmd: python src/train.py
    deps:
    - path: data/processed
      hash: md5
      md5: 436f5c303b0864cfa4318651925bcb5e.dir
      size: 46742843
      nfiles: 3
    - path: src/train.py
      hash: md5
      md5: f14b5fbaa2212694928984b128751857
      size: 1189
    params:
      params.yaml:
        train:
          dense_units: 256
          dropout_rate: 0.2
          learning_rate: 0.001
          epochs: 10
          batch_size: 64
          seed: 42
    outs:
    - path: models
      hash: md5
      md5: 31b988db9d8df2635fd5e740a99efae8.dir
      size: 2467714
      nfiles: 2
  evaluate:
    cmd: python src/evaluate.py
    deps:
    - path: data/processed/test.npz
      hash: md5
      md5: 14ccf4418b5dc26c5b2bc3a9aa243a14
      size: 6704140
    - path: models/model.h5
      hash: md5
      md5: 47da95195ffc2105b595f6f3599040c4
      size: 2466904
    - path: src/evaluate.py
      hash: md5
      md5: 434e5d45e71c48f41f59cdfa4f7d289d
      size: 1134
    outs:
    - path: metrics.json
      hash: md5
      md5: 6785918fe425b6348d7267566d865546
      size: 79
    - path: reports/confusion_matrix.png
      hash: md5
      md5: 72dcbec3aa84bc9bf48bc645d63a51cc
      size: 73489
