schema: '2.0'
stages:
  prepare:
    cmd: python src/prepare.py
    deps:
    - path: src/prepare.py
      hash: md5
      md5: 15aa200fccd4d0ac549872957d32a4ab
      size: 460
    outs:
    - path: data/raw
      hash: md5
      md5: 2d6688ff1de8ee382655f8ee24ace648.dir
      size: 31220545
      nfiles: 1
  preprocess:
    cmd: python src/preprocess.py
    deps:
    - path: data/raw
      hash: md5
      md5: 2d6688ff1de8ee382655f8ee24ace648.dir
      size: 31220545
      nfiles: 1
    - path: src/preprocess.py
      hash: md5
      md5: 33ea42baaeea3d40b160624d504fdeb7
      size: 1015
    params:
      params.yaml:
        preprocess.seed: 42
        preprocess.val_size: 0.1
    outs:
    - path: data/processed
      hash: md5
      md5: 808d3c678032f3073b72ede544ddd878.dir
      size: 45205815
      nfiles: 3
  train:
    cmd: python src/train.py
    deps:
    - path: data/processed
      hash: md5
      md5: 808d3c678032f3073b72ede544ddd878.dir
      size: 45205815
      nfiles: 3
    - path: src/train.py
      hash: md5
      md5: f14b5fbaa2212694928984b128751857
      size: 1189
    params:
      params.yaml:
        train:
          dense_units: 256
          dropout_rate: 0.2
          learning_rate: 0.001
          epochs: 10
          batch_size: 64
          seed: 42
    outs:
    - path: models
      hash: md5
      md5: 12fbbb5273a07deb79fd9667902625c2.dir
      size: 2467715
      nfiles: 2
  evaluate:
    cmd: python src/evaluate.py
    deps:
    - path: data/processed/test.npz
      hash: md5
      md5: d792438feb177786b28231599c2540ea
      size: 6482464
    - path: models/model.h5
      hash: md5
      md5: dd4984daa5e1d444bf1a0daf0d6a95ac
      size: 2466904
    - path: src/evaluate.py
      hash: md5
      md5: 434e5d45e71c48f41f59cdfa4f7d289d
      size: 1134
    outs:
    - path: metrics.json
      hash: md5
      md5: c8c485e5184bccb9e86416ff3eeb3098
      size: 79
    - path: reports/confusion_matrix.png
      hash: md5
      md5: 0d5029516ff05f7dcc93155e9312a20b
      size: 74332
